
Microsoft Visual Studio Solution File, Format Version 12.00
Project("{FAE04EC0-301F-11D3-BF4B-00C04F79EFBC}") = "TodoApp", "TodoApp.csproj", "{9BE7578B-2612-4F57-9D8B-0B897E4A64DB}"
EndProject
Global
	GlobalSection(SolutionConfigurationPlatforms) = preSolution
		Debug|Any CPU = Debug|Any CPU
		Release|Any CPU = Release|Any CPU
	EndGlobalSection
	GlobalSection(ProjectConfigurationPlatforms) = postSolution
		{9BE7578B-2612-4F57-9D8B-0B897E4A64DB}.Debug|Any CPU.ActiveCfg = Debug|Any CPU
		{9BE7578B-2612-4F57-9D8B-0B897E4A64DB}.Debug|Any CPU.Build.0 = Debug|Any CPU
		{9BE7578B-2612-4F57-9D8B-0B897E4A64DB}.Release|Any CPU.ActiveCfg = Release|Any CPU
		{9BE7578B-2612-4F57-9D8B-0B897E4A64DB}.Release|Any CPU.Build.0 = Release|Any CPU
	EndGlobalSection
EndGlobal
